
Microsoft Visual Studio Solution File, Format Version 12.00
# Visual Studio 14
VisualStudioVersion = 14.0.25420.1
MinimumVisualStudioVersion = 10.0.40219.1
Project("{FAE04EC0-301F-11D3-BF4B-00C04F79EFBC}") = "MyInsuranceCompany", "MyInsuranceCompany\MyInsuranceCompany.csproj", "{F9F6877D-04C4-4593-ABE6-976ADF3D6338}"
EndProject
Project("{FAE04EC0-301F-11D3-BF4B-00C04F79EFBC}") = "InsuranceCompany.test", "InsuranceCompany.test\InsuranceCompany.test.csproj", "{38A0BDFD-B57E-46A9-A4F6-C64E91D3B52F}"
EndProject
Project("{FAE04EC0-301F-11D3-BF4B-00C04F79EFBC}") = "Project", "Project\Project.csproj", "{8DF2E9BD-E749-4A28-8AAA-86B403BB6733}"
EndProject
Global
	GlobalSection(SolutionConfigurationPlatforms) = preSolution
		Debug|Any CPU = Debug|Any CPU
		Release|Any CPU = Release|Any CPU
	EndGlobalSection
	GlobalSection(ProjectConfigurationPlatforms) = postSolution
		{F9F6877D-04C4-4593-ABE6-976ADF3D6338}.Debug|Any CPU.ActiveCfg = Debug|Any CPU
		{F9F6877D-04C4-4593-ABE6-976ADF3D6338}.Debug|Any CPU.Build.0 = Debug|Any CPU
		{F9F6877D-04C4-4593-ABE6-976ADF3D6338}.Release|Any CPU.ActiveCfg = Release|Any CPU
		{F9F6877D-04C4-4593-ABE6-976ADF3D6338}.Release|Any CPU.Build.0 = Release|Any CPU
		{38A0BDFD-B57E-46A9-A4F6-C64E91D3B52F}.Debug|Any CPU.ActiveCfg = Debug|Any CPU
		{38A0BDFD-B57E-46A9-A4F6-C64E91D3B52F}.Debug|Any CPU.Build.0 = Debug|Any CPU
		{38A0BDFD-B57E-46A9-A4F6-C64E91D3B52F}.Release|Any CPU.ActiveCfg = Release|Any CPU
		{38A0BDFD-B57E-46A9-A4F6-C64E91D3B52F}.Release|Any CPU.Build.0 = Release|Any CPU
		{8DF2E9BD-E749-4A28-8AAA-86B403BB6733}.Debug|Any CPU.ActiveCfg = Debug|Any CPU
		{8DF2E9BD-E749-4A28-8AAA-86B403BB6733}.Debug|Any CPU.Build.0 = Debug|Any CPU
		{8DF2E9BD-E749-4A28-8AAA-86B403BB6733}.Release|Any CPU.ActiveCfg = Release|Any CPU
		{8DF2E9BD-E749-4A28-8AAA-86B403BB6733}.Release|Any CPU.Build.0 = Release|Any CPU
	EndGlobalSection
	GlobalSection(SolutionProperties) = preSolution
		HideSolutionNode = FALSE
	EndGlobalSection
EndGlobal
